
Microsoft Visual Studio Solution File, Format Version 12.00
# Visual Studio Version 16
VisualStudioVersion = 16.0.30804.86
MinimumVisualStudioVersion = 10.0.40219.1
Project("{8BC9CEB8-8B4A-11D0-8D11-00A0C91BC942}") = "libSimpleAI", "libSimpleAI.vcxproj", "{6825098C-2E4A-4F72-AF74-FD84DF1F1339}"
EndProject
Project("{8BC9CEB8-8B4A-11D0-8D11-00A0C91BC942}") = "SimpleAILearn", "SimpleAILearn.vcxproj", "{BA3EBF71-216D-4326-81B5-95CC01C672BC}"
EndProject
Project("{8BC9CEB8-8B4A-11D0-8D11-00A0C91BC942}") = "SimpleAITest", "SimpleAITest.vcxproj", "{D16C6B67-497B-469B-B1BD-7395E5AE6F54}"
EndProject
Project("{8BC9CEB8-8B4A-11D0-8D11-00A0C91BC942}") = "SimpleAILoto6", "SimpleAILoto6.vcxproj", "{45F116D3-1EED-433B-BF58-AD8DF75E903C}"
EndProject
Global
	GlobalSection(SolutionConfigurationPlatforms) = preSolution
		Debug|ARM = Debug|ARM
		Debug|ARM64 = Debug|ARM64
		Debug|x64 = Debug|x64
		Debug|x86 = Debug|x86
		Release|ARM = Release|ARM
		Release|ARM64 = Release|ARM64
		Release|x64 = Release|x64
		Release|x86 = Release|x86
	EndGlobalSection
	GlobalSection(ProjectConfigurationPlatforms) = postSolution
		{6825098C-2E4A-4F72-AF74-FD84DF1F1339}.Debug|ARM.ActiveCfg = Debug|ARM
		{6825098C-2E4A-4F72-AF74-FD84DF1F1339}.Debug|ARM.Build.0 = Debug|ARM
		{6825098C-2E4A-4F72-AF74-FD84DF1F1339}.Debug|ARM.Deploy.0 = Debug|ARM
		{6825098C-2E4A-4F72-AF74-FD84DF1F1339}.Debug|ARM64.ActiveCfg = Debug|ARM64
		{6825098C-2E4A-4F72-AF74-FD84DF1F1339}.Debug|ARM64.Build.0 = Debug|ARM64
		{6825098C-2E4A-4F72-AF74-FD84DF1F1339}.Debug|ARM64.Deploy.0 = Debug|ARM64
		{6825098C-2E4A-4F72-AF74-FD84DF1F1339}.Debug|x64.ActiveCfg = Debug|x64
		{6825098C-2E4A-4F72-AF74-FD84DF1F1339}.Debug|x64.Build.0 = Debug|x64
		{6825098C-2E4A-4F72-AF74-FD84DF1F1339}.Debug|x64.Deploy.0 = Debug|x64
		{6825098C-2E4A-4F72-AF74-FD84DF1F1339}.Debug|x86.ActiveCfg = Debug|x86
		{6825098C-2E4A-4F72-AF74-FD84DF1F1339}.Debug|x86.Build.0 = Debug|x86
		{6825098C-2E4A-4F72-AF74-FD84DF1F1339}.Debug|x86.Deploy.0 = Debug|x86
		{6825098C-2E4A-4F72-AF74-FD84DF1F1339}.Release|ARM.ActiveCfg = Release|ARM
		{6825098C-2E4A-4F72-AF74-FD84DF1F1339}.Release|ARM.Build.0 = Release|ARM
		{6825098C-2E4A-4F72-AF74-FD84DF1F1339}.Release|ARM.Deploy.0 = Release|ARM
		{6825098C-2E4A-4F72-AF74-FD84DF1F1339}.Release|ARM64.ActiveCfg = Release|ARM64
		{6825098C-2E4A-4F72-AF74-FD84DF1F1339}.Release|ARM64.Build.0 = Release|ARM64
		{6825098C-2E4A-4F72-AF74-FD84DF1F1339}.Release|ARM64.Deploy.0 = Release|ARM64
		{6825098C-2E4A-4F72-AF74-FD84DF1F1339}.Release|x64.ActiveCfg = Release|x64
		{6825098C-2E4A-4F72-AF74-FD84DF1F1339}.Release|x64.Build.0 = Release|x64
		{6825098C-2E4A-4F72-AF74-FD84DF1F1339}.Release|x64.Deploy.0 = Release|x64
		{6825098C-2E4A-4F72-AF74-FD84DF1F1339}.Release|x86.ActiveCfg = Release|x86
		{6825098C-2E4A-4F72-AF74-FD84DF1F1339}.Release|x86.Build.0 = Release|x86
		{6825098C-2E4A-4F72-AF74-FD84DF1F1339}.Release|x86.Deploy.0 = Release|x86
		{BA3EBF71-216D-4326-81B5-95CC01C672BC}.Debug|ARM.ActiveCfg = Debug|ARM
		{BA3EBF71-216D-4326-81B5-95CC01C672BC}.Debug|ARM.Build.0 = Debug|ARM
		{BA3EBF71-216D-4326-81B5-95CC01C672BC}.Debug|ARM.Deploy.0 = Debug|ARM
		{BA3EBF71-216D-4326-81B5-95CC01C672BC}.Debug|ARM64.ActiveCfg = Debug|ARM64
		{BA3EBF71-216D-4326-81B5-95CC01C672BC}.Debug|ARM64.Build.0 = Debug|ARM64
		{BA3EBF71-216D-4326-81B5-95CC01C672BC}.Debug|ARM64.Deploy.0 = Debug|ARM64
		{BA3EBF71-216D-4326-81B5-95CC01C672BC}.Debug|x64.ActiveCfg = Debug|x64
		{BA3EBF71-216D-4326-81B5-95CC01C672BC}.Debug|x64.Build.0 = Debug|x64
		{BA3EBF71-216D-4326-81B5-95CC01C672BC}.Debug|x64.Deploy.0 = Debug|x64
		{BA3EBF71-216D-4326-81B5-95CC01C672BC}.Debug|x86.ActiveCfg = Debug|x86
		{BA3EBF71-216D-4326-81B5-95CC01C672BC}.Debug|x86.Build.0 = Debug|x86
		{BA3EBF71-216D-4326-81B5-95CC01C672BC}.Debug|x86.Deploy.0 = Debug|x86
		{BA3EBF71-216D-4326-81B5-95CC01C672BC}.Release|ARM.ActiveCfg = Release|ARM
		{BA3EBF71-216D-4326-81B5-95CC01C672BC}.Release|ARM.Build.0 = Release|ARM
		{BA3EBF71-216D-4326-81B5-95CC01C672BC}.Release|ARM.Deploy.0 = Release|ARM
		{BA3EBF71-216D-4326-81B5-95CC01C672BC}.Release|ARM64.ActiveCfg = Release|ARM64
		{BA3EBF71-216D-4326-81B5-95CC01C672BC}.Release|ARM64.Build.0 = Release|ARM64
		{BA3EBF71-216D-4326-81B5-95CC01C672BC}.Release|ARM64.Deploy.0 = Release|ARM64
		{BA3EBF71-216D-4326-81B5-95CC01C672BC}.Release|x64.ActiveCfg = Release|x64
		{BA3EBF71-216D-4326-81B5-95CC01C672BC}.Release|x64.Build.0 = Release|x64
		{BA3EBF71-216D-4326-81B5-95CC01C672BC}.Release|x64.Deploy.0 = Release|x64
		{BA3EBF71-216D-4326-81B5-95CC01C672BC}.Release|x86.ActiveCfg = Release|x86
		{BA3EBF71-216D-4326-81B5-95CC01C672BC}.Release|x86.Build.0 = Release|x86
		{BA3EBF71-216D-4326-81B5-95CC01C672BC}.Release|x86.Deploy.0 = Release|x86
		{D16C6B67-497B-469B-B1BD-7395E5AE6F54}.Debug|ARM.ActiveCfg = Debug|ARM
		{D16C6B67-497B-469B-B1BD-7395E5AE6F54}.Debug|ARM.Build.0 = Debug|ARM
		{D16C6B67-497B-469B-B1BD-7395E5AE6F54}.Debug|ARM.Deploy.0 = Debug|ARM
		{D16C6B67-497B-469B-B1BD-7395E5AE6F54}.Debug|ARM64.ActiveCfg = Debug|ARM64
		{D16C6B67-497B-469B-B1BD-7395E5AE6F54}.Debug|ARM64.Build.0 = Debug|ARM64
		{D16C6B67-497B-469B-B1BD-7395E5AE6F54}.Debug|ARM64.Deploy.0 = Debug|ARM64
		{D16C6B67-497B-469B-B1BD-7395E5AE6F54}.Debug|x64.ActiveCfg = Debug|x64
		{D16C6B67-497B-469B-B1BD-7395E5AE6F54}.Debug|x64.Build.0 = Debug|x64
		{D16C6B67-497B-469B-B1BD-7395E5AE6F54}.Debug|x64.Deploy.0 = Debug|x64
		{D16C6B67-497B-469B-B1BD-7395E5AE6F54}.Debug|x86.ActiveCfg = Debug|x86
		{D16C6B67-497B-469B-B1BD-7395E5AE6F54}.Debug|x86.Build.0 = Debug|x86
		{D16C6B67-497B-469B-B1BD-7395E5AE6F54}.Debug|x86.Deploy.0 = Debug|x86
		{D16C6B67-497B-469B-B1BD-7395E5AE6F54}.Release|ARM.ActiveCfg = Release|ARM
		{D16C6B67-497B-469B-B1BD-7395E5AE6F54}.Release|ARM.Build.0 = Release|ARM
		{D16C6B67-497B-469B-B1BD-7395E5AE6F54}.Release|ARM.Deploy.0 = Release|ARM
		{D16C6B67-497B-469B-B1BD-7395E5AE6F54}.Release|ARM64.ActiveCfg = Release|ARM64
		{D16C6B67-497B-469B-B1BD-7395E5AE6F54}.Release|ARM64.Build.0 = Release|ARM64
		{D16C6B67-497B-469B-B1BD-7395E5AE6F54}.Release|ARM64.Deploy.0 = Release|ARM64
		{D16C6B67-497B-469B-B1BD-7395E5AE6F54}.Release|x64.ActiveCfg = Release|x64
		{D16C6B67-497B-469B-B1BD-7395E5AE6F54}.Release|x64.Build.0 = Release|x64
		{D16C6B67-497B-469B-B1BD-7395E5AE6F54}.Release|x64.Deploy.0 = Release|x64
		{D16C6B67-497B-469B-B1BD-7395E5AE6F54}.Release|x86.ActiveCfg = Release|x86
		{D16C6B67-497B-469B-B1BD-7395E5AE6F54}.Release|x86.Build.0 = Release|x86
		{D16C6B67-497B-469B-B1BD-7395E5AE6F54}.Release|x86.Deploy.0 = Release|x86
		{45F116D3-1EED-433B-BF58-AD8DF75E903C}.Debug|ARM.ActiveCfg = Debug|ARM
		{45F116D3-1EED-433B-BF58-AD8DF75E903C}.Debug|ARM.Build.0 = Debug|ARM
		{45F116D3-1EED-433B-BF58-AD8DF75E903C}.Debug|ARM.Deploy.0 = Debug|ARM
		{45F116D3-1EED-433B-BF58-AD8DF75E903C}.Debug|ARM64.ActiveCfg = Debug|ARM64
		{45F116D3-1EED-433B-BF58-AD8DF75E903C}.Debug|ARM64.Build.0 = Debug|ARM64
		{45F116D3-1EED-433B-BF58-AD8DF75E903C}.Debug|ARM64.Deploy.0 = Debug|ARM64
		{45F116D3-1EED-433B-BF58-AD8DF75E903C}.Debug|x64.ActiveCfg = Debug|x64
		{45F116D3-1EED-433B-BF58-AD8DF75E903C}.Debug|x64.Build.0 = Debug|x64
		{45F116D3-1EED-433B-BF58-AD8DF75E903C}.Debug|x64.Deploy.0 = Debug|x64
		{45F116D3-1EED-433B-BF58-AD8DF75E903C}.Debug|x86.ActiveCfg = Debug|x86
		{45F116D3-1EED-433B-BF58-AD8DF75E903C}.Debug|x86.Build.0 = Debug|x86
		{45F116D3-1EED-433B-BF58-AD8DF75E903C}.Debug|x86.Deploy.0 = Debug|x86
		{45F116D3-1EED-433B-BF58-AD8DF75E903C}.Release|ARM.ActiveCfg = Release|ARM
		{45F116D3-1EED-433B-BF58-AD8DF75E903C}.Release|ARM.Build.0 = Release|ARM
		{45F116D3-1EED-433B-BF58-AD8DF75E903C}.Release|ARM.Deploy.0 = Release|ARM
		{45F116D3-1EED-433B-BF58-AD8DF75E903C}.Release|ARM64.ActiveCfg = Release|ARM64
		{45F116D3-1EED-433B-BF58-AD8DF75E903C}.Release|ARM64.Build.0 = Release|ARM64
		{45F116D3-1EED-433B-BF58-AD8DF75E903C}.Release|ARM64.Deploy.0 = Release|ARM64
		{45F116D3-1EED-433B-BF58-AD8DF75E903C}.Release|x64.ActiveCfg = Release|x64
		{45F116D3-1EED-433B-BF58-AD8DF75E903C}.Release|x64.Build.0 = Release|x64
		{45F116D3-1EED-433B-BF58-AD8DF75E903C}.Release|x64.Deploy.0 = Release|x64
		{45F116D3-1EED-433B-BF58-AD8DF75E903C}.Release|x86.ActiveCfg = Release|x86
		{45F116D3-1EED-433B-BF58-AD8DF75E903C}.Release|x86.Build.0 = Release|x86
		{45F116D3-1EED-433B-BF58-AD8DF75E903C}.Release|x86.Deploy.0 = Release|x86
	EndGlobalSection
	GlobalSection(SolutionProperties) = preSolution
		HideSolutionNode = FALSE
	EndGlobalSection
	GlobalSection(ExtensibilityGlobals) = postSolution
		SolutionGuid = {D79EA24C-C487-4053-B049-9A9CA737B14A}
	EndGlobalSection
EndGlobal
